apiVersion: vendir.k14s.io/v1alpha1
directories:
- contents:
  - git:
      commitTitle: Join container names with a hyphen for RFC-1123 validity
      sha: ac67352735e420deee8e189f4239e9996c36da16
      tags:
      - v1.0.6-6-gac67352
    path: .
  path: .vendir/libsonnet
- contents:
  - git:
      commitTitle: Draft
      sha: c5fa55c2757432545cf75236c449eb348068891f
      tags:
      - 0.1.0
    path: .
  path: .vendir/pkl-compose
kind: LockConfig
